// !$*UTF8*$!
{
	archiveVersion = 1;
	classes = {
	};
	objectVersion = 50;
	objects = {

/* Begin PBXBuildFile section */
		8A1BF2C122AB34BB00EB8FF2 /* AppDelegate.swift in Sources */ = {isa = PBXBuildFile; fileRef = 8A1BF2C022AB34BB00EB8FF2 /* AppDelegate.swift */; };
		8A1BF2C322AB34BB00EB8FF2 /* ViewController.swift in Sources */ = {isa = PBXBuildFile; fileRef = 8A1BF2C222AB34BB00EB8FF2 /* ViewController.swift */; };
		8A1BF2C622AB34BB00EB8FF2 /* Main.storyboard in Resources */ = {isa = PBXBuildFile; fileRef = 8A1BF2C422AB34BB00EB8FF2 /* Main.storyboard */; };
		8A1BF2C822AB34BC00EB8FF2 /* Assets.xcassets in Resources */ = {isa = PBXBuildFile; fileRef = 8A1BF2C722AB34BC00EB8FF2 /* Assets.xcassets */; };
		8A1BF2CB22AB34BC00EB8FF2 /* LaunchScreen.storyboard in Resources */ = {isa = PBXBuildFile; fileRef = 8A1BF2C922AB34BC00EB8FF2 /* LaunchScreen.storyboard */; };
		8A1BF2D822AB3AE500EB8FF2 /* MenuTableViewCell.swift in Sources */ = {isa = PBXBuildFile; fileRef = 8A1BF2D722AB3AE500EB8FF2 /* MenuTableViewCell.swift */; };
		8A1BF2DA22AB3E2D00EB8FF2 /* Menu.swift in Sources */ = {isa = PBXBuildFile; fileRef = 8A1BF2D922AB3E2D00EB8FF2 /* Menu.swift */; };
		8A1BF2DC22AB41B200EB8FF2 /* Constants.swift in Sources */ = {isa = PBXBuildFile; fileRef = 8A1BF2DB22AB41B200EB8FF2 /* Constants.swift */; };
		8A1BF2DE22AB58FE00EB8FF2 /* DetailViewController.swift in Sources */ = {isa = PBXBuildFile; fileRef = 8A1BF2DD22AB58FE00EB8FF2 /* DetailViewController.swift */; };
		8A1BF2E122AD928F00EB8FF2 /* menu.json in Sources */ = {isa = PBXBuildFile; fileRef = 8A1BF2E022AD928F00EB8FF2 /* menu.json */; };
		E306D14E8FE5912F2C225739 /* Pods_ServiciosCanvia.framework in Frameworks */ = {isa = PBXBuildFile; fileRef = B7C0A9063837A36B9E83B2CD /* Pods_ServiciosCanvia.framework */; };
/* End PBXBuildFile section */

/* Begin PBXFileReference section */
		883825F3A177E6496B67C95E /* Pods-ServiciosCanvia.debug.xcconfig */ = {isa = PBXFileReference; includeInIndex = 1; lastKnownFileType = text.xcconfig; name = "Pods-ServiciosCanvia.debug.xcconfig"; path = "Pods/Target Support Files/Pods-ServiciosCanvia/Pods-ServiciosCanvia.debug.xcconfig"; sourceTree = "<group>"; };
		8A1BF2BD22AB34BB00EB8FF2 /* ServiciosCanvia.app */ = {isa = PBXFileReference; explicitFileType = wrapper.application; includeInIndex = 0; path = ServiciosCanvia.app; sourceTree = BUILT_PRODUCTS_DIR; };
		8A1BF2C022AB34BB00EB8FF2 /* AppDelegate.swift */ = {isa = PBXFileReference; lastKnownFileType = sourcecode.swift; path = AppDelegate.swift; sourceTree = "<group>"; };
		8A1BF2C222AB34BB00EB8FF2 /* ViewController.swift */ = {isa = PBXFileReference; lastKnownFileType = sourcecode.swift; path = ViewController.swift; sourceTree = "<group>"; };
		8A1BF2C522AB34BB00EB8FF2 /* Base */ = {isa = PBXFileReference; lastKnownFileType = file.storyboard; name = Base; path = Base.lproj/Main.storyboard; sourceTree = "<group>"; };
		8A1BF2C722AB34BC00EB8FF2 /* Assets.xcassets */ = {isa = PBXFileReference; lastKnownFileType = folder.assetcatalog; path = Assets.xcassets; sourceTree = "<group>"; };
		8A1BF2CA22AB34BC00EB8FF2 /* Base */ = {isa = PBXFileReference; lastKnownFileType = file.storyboard; name = Base; path = Base.lproj/LaunchScreen.storyboard; sourceTree = "<group>"; };
		8A1BF2CC22AB34BC00EB8FF2 /* Info.plist */ = {isa = PBXFileReference; lastKnownFileType = text.plist.xml; path = Info.plist; sourceTree = "<group>"; };
		8A1BF2D722AB3AE500EB8FF2 /* MenuTableViewCell.swift */ = {isa = PBXFileReference; lastKnownFileType = sourcecode.swift; path = MenuTableViewCell.swift; sourceTree = "<group>"; };
		8A1BF2D922AB3E2D00EB8FF2 /* Menu.swift */ = {isa = PBXFileReference; lastKnownFileType = sourcecode.swift; path = Menu.swift; sourceTree = "<group>"; };
		8A1BF2DB22AB41B200EB8FF2 /* Constants.swift */ = {isa = PBXFileReference; lastKnownFileType = sourcecode.swift; path = Constants.swift; sourceTree = "<group>"; };
		8A1BF2DD22AB58FE00EB8FF2 /* DetailViewController.swift */ = {isa = PBXFileReference; lastKnownFileType = sourcecode.swift; path = DetailViewController.swift; sourceTree = "<group>"; };
		8A1BF2E022AD928F00EB8FF2 /* menu.json */ = {isa = PBXFileReference; lastKnownFileType = text.json; path = menu.json; sourceTree = "<group>"; };
		9B64ABB0857792D78DFF69E4 /* Pods-ServiciosCanvia.release.xcconfig */ = {isa = PBXFileReference; includeInIndex = 1; lastKnownFileType = text.xcconfig; name = "Pods-ServiciosCanvia.release.xcconfig"; path = "Pods/Target Support Files/Pods-ServiciosCanvia/Pods-ServiciosCanvia.release.xcconfig"; sourceTree = "<group>"; };
		B7C0A9063837A36B9E83B2CD /* Pods_ServiciosCanvia.framework */ = {isa = PBXFileReference; explicitFileType = wrapper.framework; includeInIndex = 0; path = Pods_ServiciosCanvia.framework; sourceTree = BUILT_PRODUCTS_DIR; };
/* End PBXFileReference section */

/* Begin PBXFrameworksBuildPhase section */
		8A1BF2BA22AB34BB00EB8FF2 /* Frameworks */ = {
			isa = PBXFrameworksBuildPhase;
			buildActionMask = 2147483647;
			files = (
				E306D14E8FE5912F2C225739 /* Pods_ServiciosCanvia.framework in Frameworks */,
			);
			runOnlyForDeploymentPostprocessing = 0;
		};
/* End PBXFrameworksBuildPhase section */

/* Begin PBXGroup section */
		830B34CEAE9AA0EA6FBDE0D4 /* Pods */ = {
			isa = PBXGroup;
			children = (
				883825F3A177E6496B67C95E /* Pods-ServiciosCanvia.debug.xcconfig */,
				9B64ABB0857792D78DFF69E4 /* Pods-ServiciosCanvia.release.xcconfig */,
			);
			name = Pods;
			sourceTree = "<group>";
		};
		8A1BF2B422AB34BB00EB8FF2 = {
			isa = PBXGroup;
			children = (
				8A1BF2BF22AB34BB00EB8FF2 /* ServiciosCanvia */,
				8A1BF2BE22AB34BB00EB8FF2 /* Products */,
				830B34CEAE9AA0EA6FBDE0D4 /* Pods */,
				AEE805377467BCE70B067177 /* Frameworks */,
			);
			sourceTree = "<group>";
		};
		8A1BF2BE22AB34BB00EB8FF2 /* Products */ = {
			isa = PBXGroup;
			children = (
				8A1BF2BD22AB34BB00EB8FF2 /* ServiciosCanvia.app */,
			);
			name = Products;
			sourceTree = "<group>";
		};
		8A1BF2BF22AB34BB00EB8FF2 /* ServiciosCanvia */ = {
			isa = PBXGroup;
			children = (
				8A1BF2DF22AD925D00EB8FF2 /* Services */,
				8A1BF2D622AB3A9C00EB8FF2 /* Cells */,
				8A1BF2D522AB34E800EB8FF2 /* Storyboards */,
				8A1BF2D422AB34E200EB8FF2 /* Controllers */,
				8A1BF2D322AB34DD00EB8FF2 /* Model */,
				8A1BF2D222AB34D400EB8FF2 /* Util */,
				8A1BF2C022AB34BB00EB8FF2 /* AppDelegate.swift */,
				8A1BF2C722AB34BC00EB8FF2 /* Assets.xcassets */,
				8A1BF2CC22AB34BC00EB8FF2 /* Info.plist */,
			);
			path = ServiciosCanvia;
			sourceTree = "<group>";
		};
		8A1BF2D222AB34D400EB8FF2 /* Util */ = {
			isa = PBXGroup;
			children = (
				8A1BF2DB22AB41B200EB8FF2 /* Constants.swift */,
			);
			path = Util;
			sourceTree = "<group>";
		};
		8A1BF2D322AB34DD00EB8FF2 /* Model */ = {
			isa = PBXGroup;
			children = (
				8A1BF2D922AB3E2D00EB8FF2 /* Menu.swift */,
			);
			path = Model;
			sourceTree = "<group>";
		};
		8A1BF2D422AB34E200EB8FF2 /* Controllers */ = {
			isa = PBXGroup;
			children = (
				8A1BF2C222AB34BB00EB8FF2 /* ViewController.swift */,
				8A1BF2DD22AB58FE00EB8FF2 /* DetailViewController.swift */,
			);
			path = Controllers;
			sourceTree = "<group>";
		};
		8A1BF2D522AB34E800EB8FF2 /* Storyboards */ = {
			isa = PBXGroup;
			children = (
				8A1BF2C422AB34BB00EB8FF2 /* Main.storyboard */,
				8A1BF2C922AB34BC00EB8FF2 /* LaunchScreen.storyboard */,
			);
			path = Storyboards;
			sourceTree = "<group>";
		};
		8A1BF2D622AB3A9C00EB8FF2 /* Cells */ = {
			isa = PBXGroup;
			children = (
				8A1BF2D722AB3AE500EB8FF2 /* MenuTableViewCell.swift */,
			);
			path = Cells;
			sourceTree = "<group>";
		};
		8A1BF2DF22AD925D00EB8FF2 /* Services */ = {
			isa = PBXGroup;
			children = (
				8A1BF2E022AD928F00EB8FF2 /* menu.json */,
			);
			path = Services;
			sourceTree = "<group>";
		};
		AEE805377467BCE70B067177 /* Frameworks */ = {
			isa = PBXGroup;
			children = (
				B7C0A9063837A36B9E83B2CD /* Pods_ServiciosCanvia.framework */,
			);
			name = Frameworks;
			sourceTree = "<group>";
		};
/* End PBXGroup section */

/* Begin PBXNativeTarget section */
		8A1BF2BC22AB34BB00EB8FF2 /* ServiciosCanvia */ = {
			isa = PBXNativeTarget;
			buildConfigurationList = 8A1BF2CF22AB34BC00EB8FF2 /* Build configuration list for PBXNativeTarget "ServiciosCanvia" */;
			buildPhases = (
				26A978F2626BCBE83F8CB44C /* [CP] Check Pods Manifest.lock */,
				8A1BF2B922AB34BB00EB8FF2 /* Sources */,
				8A1BF2BA22AB34BB00EB8FF2 /* Frameworks */,
				8A1BF2BB22AB34BB00EB8FF2 /* Resources */,
				81F82F4548D1752F2D5F4CCF /* [CP] Embed Pods Frameworks */,
			);
			buildRules = (
			);
			dependencies = (
			);
			name = ServiciosCanvia;
			productName = ServiciosCanvia;
			productReference = 8A1BF2BD22AB34BB00EB8FF2 /* ServiciosCanvia.app */;
			productType = "com.apple.product-type.application";
		};
/* End PBXNativeTarget section */

/* Begin PBXProject section */
		8A1BF2B522AB34BB00EB8FF2 /* Project object */ = {
			isa = PBXProject;
			attributes = {
				LastSwiftUpdateCheck = 1020;
				LastUpgradeCheck = 1020;
				ORGANIZATIONNAME = "Eduardo Hoyos Loli";
				TargetAttributes = {
					8A1BF2BC22AB34BB00EB8FF2 = {
						CreatedOnToolsVersion = 10.2.1;
					};
				};
			};
			buildConfigurationList = 8A1BF2B822AB34BB00EB8FF2 /* Build configuration list for PBXProject "ServiciosCanvia" */;
			compatibilityVersion = "Xcode 9.3";
			developmentRegion = en;
			hasScannedForEncodings = 0;
			knownRegions = (
				en,
				Base,
			);
			mainGroup = 8A1BF2B422AB34BB00EB8FF2;
			productRefGroup = 8A1BF2BE22AB34BB00EB8FF2 /* Products */;
			projectDirPath = "";
			projectRoot = "";
			targets = (
				8A1BF2BC22AB34BB00EB8FF2 /* ServiciosCanvia */,
			);
		};
/* End PBXProject section */

/* Begin PBXResourcesBuildPhase section */
		8A1BF2BB22AB34BB00EB8FF2 /* Resources */ = {
			isa = PBXResourcesBuildPhase;
			buildActionMask = 2147483647;
			files = (
				8A1BF2CB22AB34BC00EB8FF2 /* LaunchScreen.storyboard in Resources */,
				8A1BF2C822AB34BC00EB8FF2 /* Assets.xcassets in Resources */,
				8A1BF2C622AB34BB00EB8FF2 /* Main.storyboard in Resources */,
			);
			runOnlyForDeploymentPostprocessing = 0;
		};
/* End PBXResourcesBuildPhase section */

/* Begin PBXShellScriptBuildPhase section */
		26A978F2626BCBE83F8CB44C /* [CP] Check Pods Manifest.lock */ = {
			isa = PBXShellScriptBuildPhase;
			buildActionMask = 2147483647;
			files = (
			);
			inputPaths = (
				"${PODS_PODFILE_DIR_PATH}/Podfile.lock",
				"${PODS_ROOT}/Manifest.lock",
			);
			name = "[CP] Check Pods Manifest.lock";
			outputPaths = (
				"$(DERIVED_FILE_DIR)/Pods-ServiciosCanvia-checkManifestLockResult.txt",
			);
			runOnlyForDeploymentPostprocessing = 0;
			shellPath = /bin/sh;
			shellScript = "diff \"${PODS_PODFILE_DIR_PATH}/Podfile.lock\" \"${PODS_ROOT}/Manifest.lock\" > /dev/null\nif [ $? != 0 ] ; then\n    # print error to STDERR\n    echo \"error: The sandbox is not in sync with the Podfile.lock. Run 'pod install' or update your CocoaPods installation.\" >&2\n    exit 1\nfi\n# This output is used by Xcode 'outputs' to avoid re-running this script phase.\necho \"SUCCESS\" > \"${SCRIPT_OUTPUT_FILE_0}\"\n";
			showEnvVarsInLog = 0;
		};
		81F82F4548D1752F2D5F4CCF /* [CP] Embed Pods Frameworks */ = {
			isa = PBXShellScriptBuildPhase;
			buildActionMask = 2147483647;
			files = (
			);
			inputPaths = (
				"${SRCROOT}/Pods/Target Support Files/Pods-ServiciosCanvia/Pods-ServiciosCanvia-frameworks.sh",
				"${BUILT_PRODUCTS_DIR}/Alamofire/Alamofire.framework",
				"${BUILT_PRODUCTS_DIR}/Kingfisher/Kingfisher.framework",
				"${BUILT_PRODUCTS_DIR}/SwiftyJSON/SwiftyJSON.framework",
			);
			name = "[CP] Embed Pods Frameworks";
			outputPaths = (
				"${TARGET_BUILD_DIR}/${FRAMEWORKS_FOLDER_PATH}/Alamofire.framework",
				"${TARGET_BUILD_DIR}/${FRAMEWORKS_FOLDER_PATH}/Kingfisher.framework",
				"${TARGET_BUILD_DIR}/${FRAMEWORKS_FOLDER_PATH}/SwiftyJSON.framework",
			);
			runOnlyForDeploymentPostprocessing = 0;
			shellPath = /bin/sh;
			shellScript = "\"${SRCROOT}/Pods/Target Support Files/Pods-ServiciosCanvia/Pods-ServiciosCanvia-frameworks.sh\"\n";
			showEnvVarsInLog = 0;
		};
/* End PBXShellScriptBuildPhase section */

/* Begin PBXSourcesBuildPhase section */
		8A1BF2B922AB34BB00EB8FF2 /* Sources */ = {
			isa = PBXSourcesBuildPhase;
			buildActionMask = 2147483647;
			files = (
				8A1BF2DC22AB41B200EB8FF2 /* Constants.swift in Sources */,
				8A1BF2C322AB34BB00EB8FF2 /* ViewController.swift in Sources */,
				8A1BF2C122AB34BB00EB8FF2 /* AppDelegate.swift in Sources */,
				8A1BF2DE22AB58FE00EB8FF2 /* DetailViewController.swift in Sources */,
				8A1BF2DA22AB3E2D00EB8FF2 /* Menu.swift in Sources */,
				8A1BF2E122AD928F00EB8FF2 /* menu.json in Sources */,
				8A1BF2D822AB3AE500EB8FF2 /* MenuTableViewCell.swift in Sources */,
			);
			runOnlyForDeploymentPostprocessing = 0;
		};
/* End PBXSourcesBuildPhase section */

/* Begin PBXVariantGroup section */
		8A1BF2C422AB34BB00EB8FF2 /* Main.storyboard */ = {
			isa = PBXVariantGroup;
			children = (
				8A1BF2C522AB34BB00EB8FF2 /* Base */,
			);
			name = Main.storyboard;
			sourceTree = "<group>";
		};
		8A1BF2C922AB34BC00EB8FF2 /* LaunchScreen.storyboard */ = {
			isa = PBXVariantGroup;
			children = (
				8A1BF2CA22AB34BC00EB8FF2 /* Base */,
			);
			name = LaunchScreen.storyboard;
			sourceTree = "<group>";
		};
/* End PBXVariantGroup section */

/* Begin XCBuildConfiguration section */
		8A1BF2CD22AB34BC00EB8FF2 /* Debug */ = {
			isa = XCBuildConfiguration;
			buildSettings = {
				ALWAYS_SEARCH_USER_PATHS = NO;
				CLANG_ANALYZER_NONNULL = YES;
				CLANG_ANALYZER_NUMBER_OBJECT_CONVERSION = YES_AGGRESSIVE;
				CLANG_CXX_LANGUAGE_STANDARD = "gnu++14";
				CLANG_CXX_LIBRARY = "libc++";
				CLANG_ENABLE_MODULES = YES;
				CLANG_ENABLE_OBJC_ARC = YES;
				CLANG_ENABLE_OBJC_WEAK = YES;
				CLANG_WARN_BLOCK_CAPTURE_AUTORELEASING = YES;
				CLANG_WARN_BOOL_CONVERSION = YES;
				CLANG_WARN_COMMA = YES;
				CLANG_WARN_CONSTANT_CONVERSION = YES;
				CLANG_WARN_DEPRECATED_OBJC_IMPLEMENTATIONS = YES;
				CLANG_WARN_DIRECT_OBJC_ISA_USAGE = YES_ERROR;
				CLANG_WARN_DOCUMENTATION_COMMENTS = YES;
				CLANG_WARN_EMPTY_BODY = YES;
				CLANG_WARN_ENUM_CONVERSION = YES;
				CLANG_WARN_INFINITE_RECURSION = YES;
				CLANG_WARN_INT_CONVERSION = YES;
				CLANG_WARN_NON_LITERAL_NULL_CONVERSION = YES;
				CLANG_WARN_OBJC_IMPLICIT_RETAIN_SELF = YES;
				CLANG_WARN_OBJC_LITERAL_CONVERSION = YES;
				CLANG_WARN_OBJC_ROOT_CLASS = YES_ERROR;
				CLANG_WARN_RANGE_LOOP_ANALYSIS = YES;
				CLANG_WARN_STRICT_PROTOTYPES = YES;
				CLANG_WARN_SUSPICIOUS_MOVE = YES;
				CLANG_WARN_UNGUARDED_AVAILABILITY = YES_AGGRESSIVE;
				CLANG_WARN_UNREACHABLE_CODE = YES;
				CLANG_WARN__DUPLICATE_METHOD_MATCH = YES;
				CODE_SIGN_IDENTITY = "iPhone Developer";
				COPY_PHASE_STRIP = NO;
				DEBUG_INFORMATION_FORMAT = dwarf;
				ENABLE_STRICT_OBJC_MSGSEND = YES;
				ENABLE_TESTABILITY = YES;
				GCC_C_LANGUAGE_STANDARD = gnu11;
				GCC_DYNAMIC_NO_PIC = NO;
				GCC_NO_COMMON_BLOCKS = YES;
				GCC_OPTIMIZATION_LEVEL = 0;
				GCC_PREPROCESSOR_DEFINITIONS = (
					"DEBUG=1",
					"$(inherited)",
				);
				GCC_WARN_64_TO_32_BIT_CONVERSION = YES;
				GCC_WARN_ABOUT_RETURN_TYPE = YES_ERROR;
				GCC_WARN_UNDECLARED_SELECTOR = YES;
				GCC_WARN_UNINITIALIZED_AUTOS = YES_AGGRESSIVE;
				GCC_WARN_UNUSED_FUNCTION = YES;
				GCC_WARN_UNUSED_VARIABLE = YES;
				IPHONEOS_DEPLOYMENT_TARGET = 12.2;
				MTL_ENABLE_DEBUG_INFO = INCLUDE_SOURCE;
				MTL_FAST_MATH = YES;
				ONLY_ACTIVE_ARCH = YES;
				SDKROOT = iphoneos;
				SWIFT_ACTIVE_COMPILATION_CONDITIONS = DEBUG;
				SWIFT_OPTIMIZATION_LEVEL = "-Onone";
			};
			name = Debug;
		};
		8A1BF2CE22AB34BC00EB8FF2 /* Release */ = {
			isa = XCBuildConfiguration;
			buildSettings = {
				ALWAYS_SEARCH_USER_PATHS = NO;
				CLANG_ANALYZER_NONNULL = YES;
				CLANG_ANALYZER_NUMBER_OBJECT_CONVERSION = YES_AGGRESSIVE;
				CLANG_CXX_LANGUAGE_STANDARD = "gnu++14";
				CLANG_CXX_LIBRARY = "libc++";
				CLANG_ENABLE_MODULES = YES;
				CLANG_ENABLE_OBJC_ARC = YES;
				CLANG_ENABLE_OBJC_WEAK = YES;
				CLANG_WARN_BLOCK_CAPTURE_AUTORELEASING = YES;
				CLANG_WARN_BOOL_CONVERSION = YES;
				CLANG_WARN_COMMA = YES;
				CLANG_WARN_CONSTANT_CONVERSION = YES;
				CLANG_WARN_DEPRECATED_OBJC_IMPLEMENTATIONS = YES;
				CLANG_WARN_DIRECT_OBJC_ISA_USAGE = YES_ERROR;
				CLANG_WARN_DOCUMENTATION_COMMENTS = YES;
				CLANG_WARN_EMPTY_BODY = YES;
				CLANG_WARN_ENUM_CONVERSION = YES;
				CLANG_WARN_INFINITE_RECURSION = YES;
				CLANG_WARN_INT_CONVERSION = YES;
				CLANG_WARN_NON_LITERAL_NULL_CONVERSION = YES;
				CLANG_WARN_OBJC_IMPLICIT_RETAIN_SELF = YES;
				CLANG_WARN_OBJC_LITERAL_CONVERSION = YES;
				CLANG_WARN_OBJC_ROOT_CLASS = YES_ERROR;
				CLANG_WARN_RANGE_LOOP_ANALYSIS = YES;
				CLANG_WARN_STRICT_PROTOTYPES = YES;
				CLANG_WARN_SUSPICIOUS_MOVE = YES;
				CLANG_WARN_UNGUARDED_AVAILABILITY = YES_AGGRESSIVE;
				CLANG_WARN_UNREACHABLE_CODE = YES;
				CLANG_WARN__DUPLICATE_METHOD_MATCH = YES;
				CODE_SIGN_IDENTITY = "iPhone Developer";
				COPY_PHASE_STRIP = NO;
				DEBUG_INFORMATION_FORMAT = "dwarf-with-dsym";
				ENABLE_NS_ASSERTIONS = NO;
				ENABLE_STRICT_OBJC_MSGSEND = YES;
				GCC_C_LANGUAGE_STANDARD = gnu11;
				GCC_NO_COMMON_BLOCKS = YES;
				GCC_WARN_64_TO_32_BIT_CONVERSION = YES;
				GCC_WARN_ABOUT_RETURN_TYPE = YES_ERROR;
				GCC_WARN_UNDECLARED_SELECTOR = YES;
				GCC_WARN_UNINITIALIZED_AUTOS = YES_AGGRESSIVE;
				GCC_WARN_UNUSED_FUNCTION = YES;
				GCC_WARN_UNUSED_VARIABLE = YES;
				IPHONEOS_DEPLOYMENT_TARGET = 12.2;
				MTL_ENABLE_DEBUG_INFO = NO;
				MTL_FAST_MATH = YES;
				SDKROOT = iphoneos;
				SWIFT_COMPILATION_MODE = wholemodule;
				SWIFT_OPTIMIZATION_LEVEL = "-O";
				VALIDATE_PRODUCT = YES;
			};
			name = Release;
		};
		8A1BF2D022AB34BC00EB8FF2 /* Debug */ = {
			isa = XCBuildConfiguration;
			baseConfigurationReference = 883825F3A177E6496B67C95E /* Pods-ServiciosCanvia.debug.xcconfig */;
			buildSettings = {
				ASSETCATALOG_COMPILER_APPICON_NAME = AppIcon;
				CODE_SIGN_STYLE = Automatic;
				INFOPLIST_FILE = ServiciosCanvia/Info.plist;
				LD_RUNPATH_SEARCH_PATHS = (
					"$(inherited)",
					"@executable_path/Frameworks",
				);
				PRODUCT_BUNDLE_IDENTIFIER = com.canvia.ServiciosCanvia;
				PRODUCT_NAME = "$(TARGET_NAME)";
				SWIFT_VERSION = 5.0;
				TARGETED_DEVICE_FAMILY = "1,2";
			};
			name = Debug;
		};
		8A1BF2D122AB34BC00EB8FF2 /* Release */ = {
			isa = XCBuildConfiguration;
			baseConfigurationReference = 9B64ABB0857792D78DFF69E4 /* Pods-ServiciosCanvia.release.xcconfig */;
			buildSettings = {
				ASSETCATALOG_COMPILER_APPICON_NAME = AppIcon;
				CODE_SIGN_STYLE = Automatic;
				INFOPLIST_FILE = ServiciosCanvia/Info.plist;
				LD_RUNPATH_SEARCH_PATHS = (
					"$(inherited)",
					"@executable_path/Frameworks",
				);
				PRODUCT_BUNDLE_IDENTIFIER = com.canvia.ServiciosCanvia;
				PRODUCT_NAME = "$(TARGET_NAME)";
				SWIFT_VERSION = 5.0;
				TARGETED_DEVICE_FAMILY = "1,2";
			};
			name = Release;
		};
/* End XCBuildConfiguration section */

/* Begin XCConfigurationList section */
		8A1BF2B822AB34BB00EB8FF2 /* Build configuration list for PBXProject "ServiciosCanvia" */ = {
			isa = XCConfigurationList;
			buildConfigurations = (
				8A1BF2CD22AB34BC00EB8FF2 /* Debug */,
				8A1BF2CE22AB34BC00EB8FF2 /* Release */,
			);
			defaultConfigurationIsVisible = 0;
			defaultConfigurationName = Release;
		};
		8A1BF2CF22AB34BC00EB8FF2 /* Build configuration list for PBXNativeTarget "ServiciosCanvia" */ = {
			isa = XCConfigurationList;
			buildConfigurations = (
				8A1BF2D022AB34BC00EB8FF2 /* Debug */,
				8A1BF2D122AB34BC00EB8FF2 /* Release */,
			);
			defaultConfigurationIsVisible = 0;
			defaultConfigurationName = Release;
		};
/* End XCConfigurationList section */
	};
	rootObject = 8A1BF2B522AB34BB00EB8FF2 /* Project object */;
}
